
Microsoft Visual Studio Solution File, Format Version 12.00
# Visual Studio Version 17
VisualStudioVersion = 17.5.33516.290
MinimumVisualStudioVersion = 10.0.40219.1
Project("{9A19103F-16F7-4668-BE54-9A1E7A4F7556}") = "Brixton", "Brixton\Brixton.csproj", "{0DBE6DC1-9546-488B-BB8D-85C3BB13A4B6}"
EndProject
Global
	GlobalSection(SolutionConfigurationPlatforms) = preSolution
		Debug|Any CPU = Debug|Any CPU
		Release|Any CPU = Release|Any CPU
	EndGlobalSection
	GlobalSection(ProjectConfigurationPlatforms) = postSolution
		{0DBE6DC1-9546-488B-BB8D-85C3BB13A4B6}.Debug|Any CPU.ActiveCfg = Debug|Any CPU
		{0DBE6DC1-9546-488B-BB8D-85C3BB13A4B6}.Debug|Any CPU.Build.0 = Debug|Any CPU
		{0DBE6DC1-9546-488B-BB8D-85C3BB13A4B6}.Release|Any CPU.ActiveCfg = Release|Any CPU
		{0DBE6DC1-9546-488B-BB8D-85C3BB13A4B6}.Release|Any CPU.Build.0 = Release|Any CPU
	EndGlobalSection
	GlobalSection(SolutionProperties) = preSolution
		HideSolutionNode = FALSE
	EndGlobalSection
	GlobalSection(ExtensibilityGlobals) = postSolution
		SolutionGuid = {65ECDD67-1D27-4EE6-A0CC-D0F8F1E4AA4C}
	EndGlobalSection
EndGlobal
